
Microsoft Visual Studio Solution File, Format Version 12.00
# Visual Studio Version 16
VisualStudioVersion = 16.0.30621.155
MinimumVisualStudioVersion = 10.0.40219.1
Project("{FAE04EC0-301F-11D3-BF4B-00C04F79EFBC}") = "MedicalTrackingSystem", "MedicalTrackingSystem\MedicalTrackingSystem.csproj", "{C71F26F0-CE56-4112-91AE-B2B6BAC7743F}"
EndProject
Project("{FAE04EC0-301F-11D3-BF4B-00C04F79EFBC}") = "UNITTEST", "UNITTEST\UNITTEST.csproj", "{87DC609F-D513-4DE7-81D8-D96D60D552CD}"
EndProject
Global
	GlobalSection(SolutionConfigurationPlatforms) = preSolution
		Debug|Any CPU = Debug|Any CPU
		Release|Any CPU = Release|Any CPU
	EndGlobalSection
	GlobalSection(ProjectConfigurationPlatforms) = postSolution
		{C71F26F0-CE56-4112-91AE-B2B6BAC7743F}.Debug|Any CPU.ActiveCfg = Debug|Any CPU
		{C71F26F0-CE56-4112-91AE-B2B6BAC7743F}.Debug|Any CPU.Build.0 = Debug|Any CPU
		{C71F26F0-CE56-4112-91AE-B2B6BAC7743F}.Release|Any CPU.ActiveCfg = Release|Any CPU
		{C71F26F0-CE56-4112-91AE-B2B6BAC7743F}.Release|Any CPU.Build.0 = Release|Any CPU
		{87DC609F-D513-4DE7-81D8-D96D60D552CD}.Debug|Any CPU.ActiveCfg = Debug|Any CPU
		{87DC609F-D513-4DE7-81D8-D96D60D552CD}.Debug|Any CPU.Build.0 = Debug|Any CPU
		{87DC609F-D513-4DE7-81D8-D96D60D552CD}.Release|Any CPU.ActiveCfg = Release|Any CPU
		{87DC609F-D513-4DE7-81D8-D96D60D552CD}.Release|Any CPU.Build.0 = Release|Any CPU
	EndGlobalSection
	GlobalSection(SolutionProperties) = preSolution
		HideSolutionNode = FALSE
	EndGlobalSection
	GlobalSection(ExtensibilityGlobals) = postSolution
		SolutionGuid = {FD974351-7461-40D6-86D8-4D1285A0AC1C}
	EndGlobalSection
EndGlobal
